
Microsoft Visual Studio Solution File, Format Version 12.00
# Visual Studio Version 17
VisualStudioVersion = 17.10.34928.147
MinimumVisualStudioVersion = 10.0.40219.1
Project("{FAE04EC0-301F-11D3-BF4B-00C04F79EFBC}") = "QuizMaster", "QuizMaster\QuizMaster.csproj", "{B7CC8EDE-612E-464D-8C2D-9DAA048AC234}"
EndProject
Project("{2150E333-8FDC-42A3-9474-1A3956D46DE8}") = "Solution Items", "Solution Items", "{16960C82-2E88-40DB-BD68-E79A20CCC8AB}"
	ProjectSection(SolutionItems) = preProject
		README.md = README.md
	EndProjectSection
EndProject
Global
	GlobalSection(SolutionConfigurationPlatforms) = preSolution
		Debug|Any CPU = Debug|Any CPU
		Release|Any CPU = Release|Any CPU
	EndGlobalSection
	GlobalSection(ProjectConfigurationPlatforms) = postSolution
		{B7CC8EDE-612E-464D-8C2D-9DAA048AC234}.Debug|Any CPU.ActiveCfg = Debug|Any CPU
		{B7CC8EDE-612E-464D-8C2D-9DAA048AC234}.Debug|Any CPU.Build.0 = Debug|Any CPU
		{B7CC8EDE-612E-464D-8C2D-9DAA048AC234}.Release|Any CPU.ActiveCfg = Release|Any CPU
		{B7CC8EDE-612E-464D-8C2D-9DAA048AC234}.Release|Any CPU.Build.0 = Release|Any CPU
	EndGlobalSection
	GlobalSection(SolutionProperties) = preSolution
		HideSolutionNode = FALSE
	EndGlobalSection
	GlobalSection(ExtensibilityGlobals) = postSolution
		SolutionGuid = {9483D1F5-8035-42CB-A037-E9A9186EFAEE}
	EndGlobalSection
EndGlobal
